
Microsoft Visual Studio Solution File, Format Version 12.00
# Visual Studio Version 16
VisualStudioVersion = 16.0.30320.27
MinimumVisualStudioVersion = 10.0.40219.1
Project("{FAE04EC0-301F-11D3-BF4B-00C04F79EFBC}") = "formcetacean", "formcetacean\formcetacean.csproj", "{7AF1CE71-C565-4FED-BF57-07DE4B21CDFE}"
EndProject
Global
	GlobalSection(SolutionConfigurationPlatforms) = preSolution
		Debug|Any CPU = Debug|Any CPU
		Release|Any CPU = Release|Any CPU
	EndGlobalSection
	GlobalSection(ProjectConfigurationPlatforms) = postSolution
		{7AF1CE71-C565-4FED-BF57-07DE4B21CDFE}.Debug|Any CPU.ActiveCfg = Debug|Any CPU
		{7AF1CE71-C565-4FED-BF57-07DE4B21CDFE}.Debug|Any CPU.Build.0 = Debug|Any CPU
		{7AF1CE71-C565-4FED-BF57-07DE4B21CDFE}.Release|Any CPU.ActiveCfg = Release|Any CPU
		{7AF1CE71-C565-4FED-BF57-07DE4B21CDFE}.Release|Any CPU.Build.0 = Release|Any CPU
	EndGlobalSection
	GlobalSection(SolutionProperties) = preSolution
		HideSolutionNode = FALSE
	EndGlobalSection
	GlobalSection(ExtensibilityGlobals) = postSolution
		SolutionGuid = {E6DFCEAA-6104-42D9-BAAE-3D4B2C0962E9}
	EndGlobalSection
EndGlobal
